
Microsoft Visual Studio Solution File, Format Version 12.00
# Visual Studio Version 16
VisualStudioVersion = 16.0.31025.194
MinimumVisualStudioVersion = 10.0.40219.1
Project("{FAE04EC0-301F-11D3-BF4B-00C04F79EFBC}") = "CollectionPerformanceRemoveFromList", "CollectionPerformanceRemoveFromList\CollectionPerformanceRemoveFromList.csproj", "{3019E0DD-70F6-4F8B-A91C-A4097D78459D}"
EndProject
Global
	GlobalSection(SolutionConfigurationPlatforms) = preSolution
		Debug|Any CPU = Debug|Any CPU
		Release|Any CPU = Release|Any CPU
	EndGlobalSection
	GlobalSection(ProjectConfigurationPlatforms) = postSolution
		{3019E0DD-70F6-4F8B-A91C-A4097D78459D}.Debug|Any CPU.ActiveCfg = Debug|Any CPU
		{3019E0DD-70F6-4F8B-A91C-A4097D78459D}.Debug|Any CPU.Build.0 = Debug|Any CPU
		{3019E0DD-70F6-4F8B-A91C-A4097D78459D}.Release|Any CPU.ActiveCfg = Release|Any CPU
		{3019E0DD-70F6-4F8B-A91C-A4097D78459D}.Release|Any CPU.Build.0 = Release|Any CPU
	EndGlobalSection
	GlobalSection(SolutionProperties) = preSolution
		HideSolutionNode = FALSE
	EndGlobalSection
	GlobalSection(ExtensibilityGlobals) = postSolution
		SolutionGuid = {89FDD7E4-FAE9-43F8-BA70-2B5F2CC250F6}
	EndGlobalSection
EndGlobal
